
Microsoft Visual Studio Solution File, Format Version 12.00
# Visual Studio Version 16
VisualStudioVersion = 16.0.30523.141
MinimumVisualStudioVersion = 10.0.40219.1
Project("{FAE04EC0-301F-11D3-BF4B-00C04F79EFBC}") = "DotNetHanfire", "DotNetHanfire.csproj", "{1FBB1748-535D-4ED4-9AD4-AF792F814FDB}"
EndProject
Global
	GlobalSection(SolutionConfigurationPlatforms) = preSolution
		Debug|Any CPU = Debug|Any CPU
		Release|Any CPU = Release|Any CPU
	EndGlobalSection
	GlobalSection(ProjectConfigurationPlatforms) = postSolution
		{1FBB1748-535D-4ED4-9AD4-AF792F814FDB}.Debug|Any CPU.ActiveCfg = Debug|Any CPU
		{1FBB1748-535D-4ED4-9AD4-AF792F814FDB}.Debug|Any CPU.Build.0 = Debug|Any CPU
		{1FBB1748-535D-4ED4-9AD4-AF792F814FDB}.Release|Any CPU.ActiveCfg = Release|Any CPU
		{1FBB1748-535D-4ED4-9AD4-AF792F814FDB}.Release|Any CPU.Build.0 = Release|Any CPU
	EndGlobalSection
	GlobalSection(SolutionProperties) = preSolution
		HideSolutionNode = FALSE
	EndGlobalSection
	GlobalSection(ExtensibilityGlobals) = postSolution
		SolutionGuid = {F74022EF-68F2-40D7-BC8A-6901457648DF}
	EndGlobalSection
EndGlobal
